// !$*UTF8*$!
{
	archiveVersion = 1;
	classes = {
	};
	objectVersion = 46;
	objects = {

/* Begin PBXBuildFile section */
		5731B51A1E849AF600F46C9C /* AppDelegate.swift in Sources */ = {isa = PBXBuildFile; fileRef = 5731B5191E849AF600F46C9C /* AppDelegate.swift */; };
		5731B51C1E849AF600F46C9C /* ViewController.swift in Sources */ = {isa = PBXBuildFile; fileRef = 5731B51B1E849AF600F46C9C /* ViewController.swift */; };
		5731B51F1E849AF600F46C9C /* Main.storyboard in Resources */ = {isa = PBXBuildFile; fileRef = 5731B51D1E849AF600F46C9C /* Main.storyboard */; };
		5731B5211E849AF600F46C9C /* Assets.xcassets in Resources */ = {isa = PBXBuildFile; fileRef = 5731B5201E849AF600F46C9C /* Assets.xcassets */; };
		5731B5241E849AF600F46C9C /* LaunchScreen.storyboard in Resources */ = {isa = PBXBuildFile; fileRef = 5731B5221E849AF600F46C9C /* LaunchScreen.storyboard */; };
		5779979F1E84E960007E2EBD /* BoardModel.swift in Sources */ = {isa = PBXBuildFile; fileRef = 5779979E1E84E960007E2EBD /* BoardModel.swift */; };
		577997A11E84F9F5007E2EBD /* PinsController.swift in Sources */ = {isa = PBXBuildFile; fileRef = 577997A01E84F9F5007E2EBD /* PinsController.swift */; };
		579736271E84A28100B4E6DE /* Default-568h@2x.png in Resources */ = {isa = PBXBuildFile; fileRef = 579736261E84A28100B4E6DE /* Default-568h@2x.png */; };
		579736291E84BF9000B4E6DE /* BoardsController.swift in Sources */ = {isa = PBXBuildFile; fileRef = 579736281E84BF9000B4E6DE /* BoardsController.swift */; };
		57F8B6911E85BA5900B454F0 /* PinModel.swift in Sources */ = {isa = PBXBuildFile; fileRef = 57F8B6901E85BA5900B454F0 /* PinModel.swift */; };
		6ECEF0A72B51B7F5FE6FB655 /* Pods_PinterestLite.framework in Frameworks */ = {isa = PBXBuildFile; fileRef = 5C43F4E96641828BE63BF356 /* Pods_PinterestLite.framework */; };
/* End PBXBuildFile section */

/* Begin PBXFileReference section */
		5731B5161E849AF600F46C9C /* PinterestLite.app */ = {isa = PBXFileReference; explicitFileType = wrapper.application; includeInIndex = 0; path = PinterestLite.app; sourceTree = BUILT_PRODUCTS_DIR; };
		5731B5191E849AF600F46C9C /* AppDelegate.swift */ = {isa = PBXFileReference; lastKnownFileType = sourcecode.swift; path = AppDelegate.swift; sourceTree = "<group>"; };
		5731B51B1E849AF600F46C9C /* ViewController.swift */ = {isa = PBXFileReference; lastKnownFileType = sourcecode.swift; path = ViewController.swift; sourceTree = "<group>"; };
		5731B51E1E849AF600F46C9C /* Base */ = {isa = PBXFileReference; lastKnownFileType = file.storyboard; name = Base; path = Base.lproj/Main.storyboard; sourceTree = "<group>"; };
		5731B5201E849AF600F46C9C /* Assets.xcassets */ = {isa = PBXFileReference; lastKnownFileType = folder.assetcatalog; path = Assets.xcassets; sourceTree = "<group>"; };
		5731B5231E849AF600F46C9C /* Base */ = {isa = PBXFileReference; lastKnownFileType = file.storyboard; name = Base; path = Base.lproj/LaunchScreen.storyboard; sourceTree = "<group>"; };
		5731B5251E849AF600F46C9C /* Info.plist */ = {isa = PBXFileReference; lastKnownFileType = text.plist.xml; path = Info.plist; sourceTree = "<group>"; };
		5779979E1E84E960007E2EBD /* BoardModel.swift */ = {isa = PBXFileReference; fileEncoding = 4; lastKnownFileType = sourcecode.swift; path = BoardModel.swift; sourceTree = "<group>"; };
		577997A01E84F9F5007E2EBD /* PinsController.swift */ = {isa = PBXFileReference; fileEncoding = 4; lastKnownFileType = sourcecode.swift; path = PinsController.swift; sourceTree = "<group>"; };
		579736251E849BCA00B4E6DE /* PinterestLite-Bridging-Header.h */ = {isa = PBXFileReference; lastKnownFileType = sourcecode.c.h; path = "PinterestLite-Bridging-Header.h"; sourceTree = "<group>"; };
		579736261E84A28100B4E6DE /* Default-568h@2x.png */ = {isa = PBXFileReference; lastKnownFileType = image.png; path = "Default-568h@2x.png"; sourceTree = "<group>"; };
		579736281E84BF9000B4E6DE /* BoardsController.swift */ = {isa = PBXFileReference; fileEncoding = 4; lastKnownFileType = sourcecode.swift; path = BoardsController.swift; sourceTree = "<group>"; };
		57F8B6901E85BA5900B454F0 /* PinModel.swift */ = {isa = PBXFileReference; fileEncoding = 4; lastKnownFileType = sourcecode.swift; path = PinModel.swift; sourceTree = "<group>"; };
		5C43F4E96641828BE63BF356 /* Pods_PinterestLite.framework */ = {isa = PBXFileReference; explicitFileType = wrapper.framework; includeInIndex = 0; path = Pods_PinterestLite.framework; sourceTree = BUILT_PRODUCTS_DIR; };
		9FA9B13381481DC724E7E69B /* Pods-PinterestLite.release.xcconfig */ = {isa = PBXFileReference; includeInIndex = 1; lastKnownFileType = text.xcconfig; name = "Pods-PinterestLite.release.xcconfig"; path = "Pods/Target Support Files/Pods-PinterestLite/Pods-PinterestLite.release.xcconfig"; sourceTree = "<group>"; };
		C5C070CA0A80373D27ECF73B /* Pods-PinterestLite.debug.xcconfig */ = {isa = PBXFileReference; includeInIndex = 1; lastKnownFileType = text.xcconfig; name = "Pods-PinterestLite.debug.xcconfig"; path = "Pods/Target Support Files/Pods-PinterestLite/Pods-PinterestLite.debug.xcconfig"; sourceTree = "<group>"; };
/* End PBXFileReference section */

/* Begin PBXFrameworksBuildPhase section */
		5731B5131E849AF500F46C9C /* Frameworks */ = {
			isa = PBXFrameworksBuildPhase;
			buildActionMask = 2147483647;
			files = (
				6ECEF0A72B51B7F5FE6FB655 /* Pods_PinterestLite.framework in Frameworks */,
			);
			runOnlyForDeploymentPostprocessing = 0;
		};
/* End PBXFrameworksBuildPhase section */

/* Begin PBXGroup section */
		5731B50D1E849AF500F46C9C = {
			isa = PBXGroup;
			children = (
				579736261E84A28100B4E6DE /* Default-568h@2x.png */,
				5731B5181E849AF600F46C9C /* PinterestLite */,
				5731B5171E849AF600F46C9C /* Products */,
				5782E36209FEBDDEBEFB120A /* Pods */,
				A0BA1E33D029DC492D3CE4EB /* Frameworks */,
			);
			sourceTree = "<group>";
		};
		5731B5171E849AF600F46C9C /* Products */ = {
			isa = PBXGroup;
			children = (
				5731B5161E849AF600F46C9C /* PinterestLite.app */,
			);
			name = Products;
			sourceTree = "<group>";
		};
		5731B5181E849AF600F46C9C /* PinterestLite */ = {
			isa = PBXGroup;
			children = (
				5731B5191E849AF600F46C9C /* AppDelegate.swift */,
				5731B51B1E849AF600F46C9C /* ViewController.swift */,
				5731B51D1E849AF600F46C9C /* Main.storyboard */,
				579736251E849BCA00B4E6DE /* PinterestLite-Bridging-Header.h */,
				5731B5201E849AF600F46C9C /* Assets.xcassets */,
				5731B5221E849AF600F46C9C /* LaunchScreen.storyboard */,
				5731B5251E849AF600F46C9C /* Info.plist */,
				579736281E84BF9000B4E6DE /* BoardsController.swift */,
				5779979E1E84E960007E2EBD /* BoardModel.swift */,
				577997A01E84F9F5007E2EBD /* PinsController.swift */,
				57F8B6901E85BA5900B454F0 /* PinModel.swift */,
			);
			path = PinterestLite;
			sourceTree = "<group>";
		};
		5782E36209FEBDDEBEFB120A /* Pods */ = {
			isa = PBXGroup;
			children = (
				C5C070CA0A80373D27ECF73B /* Pods-PinterestLite.debug.xcconfig */,
				9FA9B13381481DC724E7E69B /* Pods-PinterestLite.release.xcconfig */,
			);
			name = Pods;
			sourceTree = "<group>";
		};
		A0BA1E33D029DC492D3CE4EB /* Frameworks */ = {
			isa = PBXGroup;
			children = (
				5C43F4E96641828BE63BF356 /* Pods_PinterestLite.framework */,
			);
			name = Frameworks;
			sourceTree = "<group>";
		};
/* End PBXGroup section */

/* Begin PBXNativeTarget section */
		5731B5151E849AF500F46C9C /* PinterestLite */ = {
			isa = PBXNativeTarget;
			buildConfigurationList = 5731B5281E849AF600F46C9C /* Build configuration list for PBXNativeTarget "PinterestLite" */;
			buildPhases = (
				A665C52E8CE49870B97F19B8 /* [CP] Check Pods Manifest.lock */,
				5731B5121E849AF500F46C9C /* Sources */,
				5731B5131E849AF500F46C9C /* Frameworks */,
				5731B5141E849AF500F46C9C /* Resources */,
				64A2F0D8DD01D32D68A47DFE /* [CP] Embed Pods Frameworks */,
				BF650258365F83BFCBCD8751 /* [CP] Copy Pods Resources */,
			);
			buildRules = (
			);
			dependencies = (
			);
			name = PinterestLite;
			productName = PinterestLite;
			productReference = 5731B5161E849AF600F46C9C /* PinterestLite.app */;
			productType = "com.apple.product-type.application";
		};
/* End PBXNativeTarget section */

/* Begin PBXProject section */
		5731B50E1E849AF500F46C9C /* Project object */ = {
			isa = PBXProject;
			attributes = {
				LastSwiftUpdateCheck = 0820;
				LastUpgradeCheck = 0820;
				ORGANIZATIONNAME = "Jennifer Young";
				TargetAttributes = {
					5731B5151E849AF500F46C9C = {
						CreatedOnToolsVersion = 8.2.1;
						DevelopmentTeam = F3KH8H8KPT;
						ProvisioningStyle = Automatic;
					};
				};
			};
			buildConfigurationList = 5731B5111E849AF500F46C9C /* Build configuration list for PBXProject "PinterestLite" */;
			compatibilityVersion = "Xcode 3.2";
			developmentRegion = English;
			hasScannedForEncodings = 0;
			knownRegions = (
				en,
				Base,
			);
			mainGroup = 5731B50D1E849AF500F46C9C;
			productRefGroup = 5731B5171E849AF600F46C9C /* Products */;
			projectDirPath = "";
			projectRoot = "";
			targets = (
				5731B5151E849AF500F46C9C /* PinterestLite */,
			);
		};
/* End PBXProject section */

/* Begin PBXResourcesBuildPhase section */
		5731B5141E849AF500F46C9C /* Resources */ = {
			isa = PBXResourcesBuildPhase;
			buildActionMask = 2147483647;
			files = (
				5731B5241E849AF600F46C9C /* LaunchScreen.storyboard in Resources */,
				579736271E84A28100B4E6DE /* Default-568h@2x.png in Resources */,
				5731B5211E849AF600F46C9C /* Assets.xcassets in Resources */,
				5731B51F1E849AF600F46C9C /* Main.storyboard in Resources */,
			);
			runOnlyForDeploymentPostprocessing = 0;
		};
/* End PBXResourcesBuildPhase section */

/* Begin PBXShellScriptBuildPhase section */
		64A2F0D8DD01D32D68A47DFE /* [CP] Embed Pods Frameworks */ = {
			isa = PBXShellScriptBuildPhase;
			buildActionMask = 2147483647;
			files = (
			);
			inputPaths = (
			);
			name = "[CP] Embed Pods Frameworks";
			outputPaths = (
			);
			runOnlyForDeploymentPostprocessing = 0;
			shellPath = /bin/sh;
			shellScript = "\"${SRCROOT}/Pods/Target Support Files/Pods-PinterestLite/Pods-PinterestLite-frameworks.sh\"\n";
			showEnvVarsInLog = 0;
		};
		A665C52E8CE49870B97F19B8 /* [CP] Check Pods Manifest.lock */ = {
			isa = PBXShellScriptBuildPhase;
			buildActionMask = 2147483647;
			files = (
			);
			inputPaths = (
			);
			name = "[CP] Check Pods Manifest.lock";
			outputPaths = (
			);
			runOnlyForDeploymentPostprocessing = 0;
			shellPath = /bin/sh;
			shellScript = "diff \"${PODS_ROOT}/../Podfile.lock\" \"${PODS_ROOT}/Manifest.lock\" > /dev/null\nif [ $? != 0 ] ; then\n    # print error to STDERR\n    echo \"error: The sandbox is not in sync with the Podfile.lock. Run 'pod install' or update your CocoaPods installation.\" >&2\n    exit 1\nfi\n";
			showEnvVarsInLog = 0;
		};
		BF650258365F83BFCBCD8751 /* [CP] Copy Pods Resources */ = {
			isa = PBXShellScriptBuildPhase;
			buildActionMask = 2147483647;
			files = (
			);
			inputPaths = (
			);
			name = "[CP] Copy Pods Resources";
			outputPaths = (
			);
			runOnlyForDeploymentPostprocessing = 0;
			shellPath = /bin/sh;
			shellScript = "\"${SRCROOT}/Pods/Target Support Files/Pods-PinterestLite/Pods-PinterestLite-resources.sh\"\n";
			showEnvVarsInLog = 0;
		};
/* End PBXShellScriptBuildPhase section */

/* Begin PBXSourcesBuildPhase section */
		5731B5121E849AF500F46C9C /* Sources */ = {
			isa = PBXSourcesBuildPhase;
			buildActionMask = 2147483647;
			files = (
				577997A11E84F9F5007E2EBD /* PinsController.swift in Sources */,
				57F8B6911E85BA5900B454F0 /* PinModel.swift in Sources */,
				5779979F1E84E960007E2EBD /* BoardModel.swift in Sources */,
				579736291E84BF9000B4E6DE /* BoardsController.swift in Sources */,
				5731B51C1E849AF600F46C9C /* ViewController.swift in Sources */,
				5731B51A1E849AF600F46C9C /* AppDelegate.swift in Sources */,
			);
			runOnlyForDeploymentPostprocessing = 0;
		};
/* End PBXSourcesBuildPhase section */

/* Begin PBXVariantGroup section */
		5731B51D1E849AF600F46C9C /* Main.storyboard */ = {
			isa = PBXVariantGroup;
			children = (
				5731B51E1E849AF600F46C9C /* Base */,
			);
			name = Main.storyboard;
			sourceTree = "<group>";
		};
		5731B5221E849AF600F46C9C /* LaunchScreen.storyboard */ = {
			isa = PBXVariantGroup;
			children = (
				5731B5231E849AF600F46C9C /* Base */,
			);
			name = LaunchScreen.storyboard;
			sourceTree = "<group>";
		};
/* End PBXVariantGroup section */

/* Begin XCBuildConfiguration section */
		5731B5261E849AF600F46C9C /* Debug */ = {
			isa = XCBuildConfiguration;
			buildSettings = {
				ALWAYS_SEARCH_USER_PATHS = NO;
				CLANG_ANALYZER_NONNULL = YES;
				CLANG_CXX_LANGUAGE_STANDARD = "gnu++0x";
				CLANG_CXX_LIBRARY = "libc++";
				CLANG_ENABLE_MODULES = YES;
				CLANG_ENABLE_OBJC_ARC = YES;
				CLANG_WARN_BOOL_CONVERSION = YES;
				CLANG_WARN_CONSTANT_CONVERSION = YES;
				CLANG_WARN_DIRECT_OBJC_ISA_USAGE = YES_ERROR;
				CLANG_WARN_DOCUMENTATION_COMMENTS = YES;
				CLANG_WARN_EMPTY_BODY = YES;
				CLANG_WARN_ENUM_CONVERSION = YES;
				CLANG_WARN_INFINITE_RECURSION = YES;
				CLANG_WARN_INT_CONVERSION = YES;
				CLANG_WARN_OBJC_ROOT_CLASS = YES_ERROR;
				CLANG_WARN_SUSPICIOUS_MOVE = YES;
				CLANG_WARN_UNREACHABLE_CODE = YES;
				CLANG_WARN__DUPLICATE_METHOD_MATCH = YES;
				"CODE_SIGN_IDENTITY[sdk=iphoneos*]" = "iPhone Developer";
				COPY_PHASE_STRIP = NO;
				DEBUG_INFORMATION_FORMAT = dwarf;
				ENABLE_STRICT_OBJC_MSGSEND = YES;
				ENABLE_TESTABILITY = YES;
				GCC_C_LANGUAGE_STANDARD = gnu99;
				GCC_DYNAMIC_NO_PIC = NO;
				GCC_NO_COMMON_BLOCKS = YES;
				GCC_OPTIMIZATION_LEVEL = 0;
				GCC_PREPROCESSOR_DEFINITIONS = (
					"DEBUG=1",
					"$(inherited)",
				);
				GCC_WARN_64_TO_32_BIT_CONVERSION = YES;
				GCC_WARN_ABOUT_RETURN_TYPE = YES_ERROR;
				GCC_WARN_UNDECLARED_SELECTOR = YES;
				GCC_WARN_UNINITIALIZED_AUTOS = YES_AGGRESSIVE;
				GCC_WARN_UNUSED_FUNCTION = YES;
				GCC_WARN_UNUSED_VARIABLE = YES;
				IPHONEOS_DEPLOYMENT_TARGET = 10.2;
				MTL_ENABLE_DEBUG_INFO = YES;
				ONLY_ACTIVE_ARCH = YES;
				SDKROOT = iphoneos;
				SWIFT_ACTIVE_COMPILATION_CONDITIONS = DEBUG;
				SWIFT_OPTIMIZATION_LEVEL = "-Onone";
			};
			name = Debug;
		};
		5731B5271E849AF600F46C9C /* Release */ = {
			isa = XCBuildConfiguration;
			buildSettings = {
				ALWAYS_SEARCH_USER_PATHS = NO;
				CLANG_ANALYZER_NONNULL = YES;
				CLANG_CXX_LANGUAGE_STANDARD = "gnu++0x";
				CLANG_CXX_LIBRARY = "libc++";
				CLANG_ENABLE_MODULES = YES;
				CLANG_ENABLE_OBJC_ARC = YES;
				CLANG_WARN_BOOL_CONVERSION = YES;
				CLANG_WARN_CONSTANT_CONVERSION = YES;
				CLANG_WARN_DIRECT_OBJC_ISA_USAGE = YES_ERROR;
				CLANG_WARN_DOCUMENTATION_COMMENTS = YES;
				CLANG_WARN_EMPTY_BODY = YES;
				CLANG_WARN_ENUM_CONVERSION = YES;
				CLANG_WARN_INFINITE_RECURSION = YES;
				CLANG_WARN_INT_CONVERSION = YES;
				CLANG_WARN_OBJC_ROOT_CLASS = YES_ERROR;
				CLANG_WARN_SUSPICIOUS_MOVE = YES;
				CLANG_WARN_UNREACHABLE_CODE = YES;
				CLANG_WARN__DUPLICATE_METHOD_MATCH = YES;
				"CODE_SIGN_IDENTITY[sdk=iphoneos*]" = "iPhone Developer";
				COPY_PHASE_STRIP = NO;
				DEBUG_INFORMATION_FORMAT = "dwarf-with-dsym";
				ENABLE_NS_ASSERTIONS = NO;
				ENABLE_STRICT_OBJC_MSGSEND = YES;
				GCC_C_LANGUAGE_STANDARD = gnu99;
				GCC_NO_COMMON_BLOCKS = YES;
				GCC_WARN_64_TO_32_BIT_CONVERSION = YES;
				GCC_WARN_ABOUT_RETURN_TYPE = YES_ERROR;
				GCC_WARN_UNDECLARED_SELECTOR = YES;
				GCC_WARN_UNINITIALIZED_AUTOS = YES_AGGRESSIVE;
				GCC_WARN_UNUSED_FUNCTION = YES;
				GCC_WARN_UNUSED_VARIABLE = YES;
				IPHONEOS_DEPLOYMENT_TARGET = 10.2;
				MTL_ENABLE_DEBUG_INFO = NO;
				SDKROOT = iphoneos;
				SWIFT_OPTIMIZATION_LEVEL = "-Owholemodule";
				VALIDATE_PRODUCT = YES;
			};
			name = Release;
		};
		5731B5291E849AF600F46C9C /* Debug */ = {
			isa = XCBuildConfiguration;
			baseConfigurationReference = C5C070CA0A80373D27ECF73B /* Pods-PinterestLite.debug.xcconfig */;
			buildSettings = {
				ASSETCATALOG_COMPILER_APPICON_NAME = AppIcon;
				DEVELOPMENT_TEAM = F3KH8H8KPT;
				INFOPLIST_FILE = PinterestLite/Info.plist;
				LD_RUNPATH_SEARCH_PATHS = "$(inherited) @executable_path/Frameworks";
				PRODUCT_BUNDLE_IDENTIFIER = "Jennifer-Young.PinterestLite";
				PRODUCT_NAME = "$(TARGET_NAME)";
				SWIFT_OBJC_BRIDGING_HEADER = "PinterestLite/PinterestLite-Bridging-Header.h";
				SWIFT_VERSION = 3.0;
			};
			name = Debug;
		};
		5731B52A1E849AF600F46C9C /* Release */ = {
			isa = XCBuildConfiguration;
			baseConfigurationReference = 9FA9B13381481DC724E7E69B /* Pods-PinterestLite.release.xcconfig */;
			buildSettings = {
				ASSETCATALOG_COMPILER_APPICON_NAME = AppIcon;
				DEVELOPMENT_TEAM = F3KH8H8KPT;
				INFOPLIST_FILE = PinterestLite/Info.plist;
				LD_RUNPATH_SEARCH_PATHS = "$(inherited) @executable_path/Frameworks";
				PRODUCT_BUNDLE_IDENTIFIER = "Jennifer-Young.PinterestLite";
				PRODUCT_NAME = "$(TARGET_NAME)";
				SWIFT_OBJC_BRIDGING_HEADER = "PinterestLite/PinterestLite-Bridging-Header.h";
				SWIFT_VERSION = 3.0;
			};
			name = Release;
		};
/* End XCBuildConfiguration section */

/* Begin XCConfigurationList section */
		5731B5111E849AF500F46C9C /* Build configuration list for PBXProject "PinterestLite" */ = {
			isa = XCConfigurationList;
			buildConfigurations = (
				5731B5261E849AF600F46C9C /* Debug */,
				5731B5271E849AF600F46C9C /* Release */,
			);
			defaultConfigurationIsVisible = 0;
			defaultConfigurationName = Release;
		};
		5731B5281E849AF600F46C9C /* Build configuration list for PBXNativeTarget "PinterestLite" */ = {
			isa = XCConfigurationList;
			buildConfigurations = (
				5731B5291E849AF600F46C9C /* Debug */,
				5731B52A1E849AF600F46C9C /* Release */,
			);
			defaultConfigurationIsVisible = 0;
			defaultConfigurationName = Release;
		};
/* End XCConfigurationList section */
	};
	rootObject = 5731B50E1E849AF500F46C9C /* Project object */;
}
